
Microsoft Visual Studio Solution File, Format Version 12.00
# Visual Studio Version 17
VisualStudioVersion = 17.0.32112.339
MinimumVisualStudioVersion = 10.0.40219.1
Project("{9A19103F-16F7-4668-BE54-9A1E7A4F7556}") = "ht.updatejson", "ht.updatejson.csproj", "{679F9AD0-5D1F-4432-8EDA-03E83F043872}"
EndProject
Global
	GlobalSection(SolutionConfigurationPlatforms) = preSolution
		Debug|Any CPU = Debug|Any CPU
		Release|Any CPU = Release|Any CPU
	EndGlobalSection
	GlobalSection(ProjectConfigurationPlatforms) = postSolution
		{679F9AD0-5D1F-4432-8EDA-03E83F043872}.Debug|Any CPU.ActiveCfg = Debug|Any CPU
		{679F9AD0-5D1F-4432-8EDA-03E83F043872}.Debug|Any CPU.Build.0 = Debug|Any CPU
		{679F9AD0-5D1F-4432-8EDA-03E83F043872}.Release|Any CPU.ActiveCfg = Release|Any CPU
		{679F9AD0-5D1F-4432-8EDA-03E83F043872}.Release|Any CPU.Build.0 = Release|Any CPU
	EndGlobalSection
	GlobalSection(SolutionProperties) = preSolution
		HideSolutionNode = FALSE
	EndGlobalSection
	GlobalSection(ExtensibilityGlobals) = postSolution
		SolutionGuid = {A5B055B3-7F38-46F9-946E-CA9F8E89C5D0}
	EndGlobalSection
EndGlobal
